PODS:
  - Realm (3.17.1):
    - Realm/Headers (= 3.17.1)
  - Realm/Headers (3.17.1)
  - RealmSwift (3.17.1):
    - Realm (= 3.17.1)
  - SwiftCSV (0.5.1)

DEPENDENCIES:
  - RealmSwift
  - SwiftCSV

SPEC REPOS:
  https://github.com/cocoapods/specs.git:
    - Realm
    - RealmSwift
    - SwiftCSV

SPEC CHECKSUMS:
  Realm: c204f1a890f07dea43b14132a6aad118c054b8f2
  RealmSwift: 4d3c9233544b9cd08a8913e0872b9038eb99b054
  SwiftCSV: bc6269088ad2927f93750658c85b4a09f27529a9

PODFILE CHECKSUM: efef70dd2ba16e7b99cb91c8d506874fbf695559

COCOAPODS: 1.7.5
