// !$*UTF8*$!
{
	archiveVersion = 1;
	classes = {
	};
	objectVersion = 51;
	objects = {

/* Begin PBXBuildFile section */
		7110735C22F6D16800A88146 /* Restaurant.swift in Sources */ = {isa = PBXBuildFile; fileRef = 7110735B22F6D16800A88146 /* Restaurant.swift */; };
		7110735E22F6D29500A88146 /* Food.swift in Sources */ = {isa = PBXBuildFile; fileRef = 7110735D22F6D29500A88146 /* Food.swift */; };
		7110736622F71F6800A88146 /* food.csv in Resources */ = {isa = PBXBuildFile; fileRef = 7110736422F71F6800A88146 /* food.csv */; };
		7110736722F71F6800A88146 /* restaurants.csv in Resources */ = {isa = PBXBuildFile; fileRef = 7110736522F71F6800A88146 /* restaurants.csv */; };
		71F1A29F22E8D66E00DBBD68 /* AppDelegate.swift in Sources */ = {isa = PBXBuildFile; fileRef = 71F1A29E22E8D66E00DBBD68 /* AppDelegate.swift */; };
		71F1A2A122E8D66E00DBBD68 /* ViewController.swift in Sources */ = {isa = PBXBuildFile; fileRef = 71F1A2A022E8D66E00DBBD68 /* ViewController.swift */; };
		71F1A2A422E8D66E00DBBD68 /* Main.storyboard in Resources */ = {isa = PBXBuildFile; fileRef = 71F1A2A222E8D66E00DBBD68 /* Main.storyboard */; };
		71F1A2A622E8D66E00DBBD68 /* Assets.xcassets in Resources */ = {isa = PBXBuildFile; fileRef = 71F1A2A522E8D66E00DBBD68 /* Assets.xcassets */; };
		71F1A2A922E8D66E00DBBD68 /* LaunchScreen.storyboard in Resources */ = {isa = PBXBuildFile; fileRef = 71F1A2A722E8D66E00DBBD68 /* LaunchScreen.storyboard */; };
		DF3B4694199A027166261DFC /* Pods_csvPrepare.framework in Frameworks */ = {isa = PBXBuildFile; fileRef = 517B8FC974B07B69E90D3A3E /* Pods_csvPrepare.framework */; };
/* End PBXBuildFile section */

/* Begin PBXFileReference section */
		1A2C80912FC72C65E8F24EC9 /* Pods-csvPrepare.release.xcconfig */ = {isa = PBXFileReference; includeInIndex = 1; lastKnownFileType = text.xcconfig; name = "Pods-csvPrepare.release.xcconfig"; path = "Target Support Files/Pods-csvPrepare/Pods-csvPrepare.release.xcconfig"; sourceTree = "<group>"; };
		517B8FC974B07B69E90D3A3E /* Pods_csvPrepare.framework */ = {isa = PBXFileReference; explicitFileType = wrapper.framework; includeInIndex = 0; path = Pods_csvPrepare.framework; sourceTree = BUILT_PRODUCTS_DIR; };
		7110735B22F6D16800A88146 /* Restaurant.swift */ = {isa = PBXFileReference; lastKnownFileType = sourcecode.swift; path = Restaurant.swift; sourceTree = "<group>"; };
		7110735D22F6D29500A88146 /* Food.swift */ = {isa = PBXFileReference; lastKnownFileType = sourcecode.swift; path = Food.swift; sourceTree = "<group>"; };
		7110736422F71F6800A88146 /* food.csv */ = {isa = PBXFileReference; fileEncoding = 4; lastKnownFileType = text; path = food.csv; sourceTree = "<group>"; };
		7110736522F71F6800A88146 /* restaurants.csv */ = {isa = PBXFileReference; fileEncoding = 4; lastKnownFileType = text; path = restaurants.csv; sourceTree = "<group>"; };
		71F1A29B22E8D66E00DBBD68 /* csvPrepare.app */ = {isa = PBXFileReference; explicitFileType = wrapper.application; includeInIndex = 0; path = csvPrepare.app; sourceTree = BUILT_PRODUCTS_DIR; };
		71F1A29E22E8D66E00DBBD68 /* AppDelegate.swift */ = {isa = PBXFileReference; lastKnownFileType = sourcecode.swift; path = AppDelegate.swift; sourceTree = "<group>"; };
		71F1A2A022E8D66E00DBBD68 /* ViewController.swift */ = {isa = PBXFileReference; lastKnownFileType = sourcecode.swift; path = ViewController.swift; sourceTree = "<group>"; };
		71F1A2A322E8D66E00DBBD68 /* Base */ = {isa = PBXFileReference; lastKnownFileType = file.storyboard; name = Base; path = Base.lproj/Main.storyboard; sourceTree = "<group>"; };
		71F1A2A522E8D66E00DBBD68 /* Assets.xcassets */ = {isa = PBXFileReference; lastKnownFileType = folder.assetcatalog; path = Assets.xcassets; sourceTree = "<group>"; };
		71F1A2A822E8D66E00DBBD68 /* Base */ = {isa = PBXFileReference; lastKnownFileType = file.storyboard; name = Base; path = Base.lproj/LaunchScreen.storyboard; sourceTree = "<group>"; };
		71F1A2AA22E8D66E00DBBD68 /* Info.plist */ = {isa = PBXFileReference; lastKnownFileType = text.plist.xml; path = Info.plist; sourceTree = "<group>"; };
		C20C9E37AD2292C60A27082B /* Pods-csvPrepare.debug.xcconfig */ = {isa = PBXFileReference; includeInIndex = 1; lastKnownFileType = text.xcconfig; name = "Pods-csvPrepare.debug.xcconfig"; path = "Target Support Files/Pods-csvPrepare/Pods-csvPrepare.debug.xcconfig"; sourceTree = "<group>"; };
/* End PBXFileReference section */

/* Begin PBXFrameworksBuildPhase section */
		71F1A29822E8D66E00DBBD68 /* Frameworks */ = {
			isa = PBXFrameworksBuildPhase;
			buildActionMask = 2147483647;
			files = (
				DF3B4694199A027166261DFC /* Pods_csvPrepare.framework in Frameworks */,
			);
			runOnlyForDeploymentPostprocessing = 0;
		};
/* End PBXFrameworksBuildPhase section */

/* Begin PBXGroup section */
		5FB04EB04EC1E0AFEF21E694 /* Frameworks */ = {
			isa = PBXGroup;
			children = (
				517B8FC974B07B69E90D3A3E /* Pods_csvPrepare.framework */,
			);
			name = Frameworks;
			sourceTree = "<group>";
		};
		7110735A22F6D14F00A88146 /* Model */ = {
			isa = PBXGroup;
			children = (
				7110735B22F6D16800A88146 /* Restaurant.swift */,
				7110735D22F6D29500A88146 /* Food.swift */,
			);
			path = Model;
			sourceTree = "<group>";
		};
		7110736322F71E1B00A88146 /* CSV */ = {
			isa = PBXGroup;
			children = (
				7110736422F71F6800A88146 /* food.csv */,
				7110736522F71F6800A88146 /* restaurants.csv */,
			);
			path = CSV;
			sourceTree = "<group>";
		};
		71F1A29222E8D66E00DBBD68 = {
			isa = PBXGroup;
			children = (
				71F1A29D22E8D66E00DBBD68 /* csvPrepare */,
				71F1A29C22E8D66E00DBBD68 /* Products */,
				CEA62611D9FE5DEE8E1022A8 /* Pods */,
				5FB04EB04EC1E0AFEF21E694 /* Frameworks */,
			);
			sourceTree = "<group>";
		};
		71F1A29C22E8D66E00DBBD68 /* Products */ = {
			isa = PBXGroup;
			children = (
				71F1A29B22E8D66E00DBBD68 /* csvPrepare.app */,
			);
			name = Products;
			sourceTree = "<group>";
		};
		71F1A29D22E8D66E00DBBD68 /* csvPrepare */ = {
			isa = PBXGroup;
			children = (
				7110736322F71E1B00A88146 /* CSV */,
				7110735A22F6D14F00A88146 /* Model */,
				71F1A29E22E8D66E00DBBD68 /* AppDelegate.swift */,
				71F1A2A022E8D66E00DBBD68 /* ViewController.swift */,
				71F1A2A222E8D66E00DBBD68 /* Main.storyboard */,
				71F1A2A522E8D66E00DBBD68 /* Assets.xcassets */,
				71F1A2A722E8D66E00DBBD68 /* LaunchScreen.storyboard */,
				71F1A2AA22E8D66E00DBBD68 /* Info.plist */,
			);
			path = csvPrepare;
			sourceTree = "<group>";
		};
		CEA62611D9FE5DEE8E1022A8 /* Pods */ = {
			isa = PBXGroup;
			children = (
				C20C9E37AD2292C60A27082B /* Pods-csvPrepare.debug.xcconfig */,
				1A2C80912FC72C65E8F24EC9 /* Pods-csvPrepare.release.xcconfig */,
			);
			path = Pods;
			sourceTree = "<group>";
		};
/* End PBXGroup section */

/* Begin PBXNativeTarget section */
		71F1A29A22E8D66E00DBBD68 /* csvPrepare */ = {
			isa = PBXNativeTarget;
			buildConfigurationList = 71F1A2AD22E8D66E00DBBD68 /* Build configuration list for PBXNativeTarget "csvPrepare" */;
			buildPhases = (
				45DE8D6CF0FF8ACBADC723E6 /* [CP] Check Pods Manifest.lock */,
				71F1A29722E8D66E00DBBD68 /* Sources */,
				71F1A29822E8D66E00DBBD68 /* Frameworks */,
				71F1A29922E8D66E00DBBD68 /* Resources */,
				1520B64E3EEBACFB703891B3 /* [CP] Embed Pods Frameworks */,
			);
			buildRules = (
			);
			dependencies = (
			);
			name = csvPrepare;
			productName = csvPrepare;
			productReference = 71F1A29B22E8D66E00DBBD68 /* csvPrepare.app */;
			productType = "com.apple.product-type.application";
		};
/* End PBXNativeTarget section */

/* Begin PBXProject section */
		71F1A29322E8D66E00DBBD68 /* Project object */ = {
			isa = PBXProject;
			attributes = {
				LastSwiftUpdateCheck = 1020;
				LastUpgradeCheck = 1020;
				ORGANIZATIONNAME = fluffy;
				TargetAttributes = {
					71F1A29A22E8D66E00DBBD68 = {
						CreatedOnToolsVersion = 10.2.1;
					};
				};
			};
			buildConfigurationList = 71F1A29622E8D66E00DBBD68 /* Build configuration list for PBXProject "csvPrepare" */;
			compatibilityVersion = "Xcode 9.3";
			developmentRegion = en;
			hasScannedForEncodings = 0;
			knownRegions = (
				en,
				Base,
			);
			mainGroup = 71F1A29222E8D66E00DBBD68;
			productRefGroup = 71F1A29C22E8D66E00DBBD68 /* Products */;
			projectDirPath = "";
			projectRoot = "";
			targets = (
				71F1A29A22E8D66E00DBBD68 /* csvPrepare */,
			);
		};
/* End PBXProject section */

/* Begin PBXResourcesBuildPhase section */
		71F1A29922E8D66E00DBBD68 /* Resources */ = {
			isa = PBXResourcesBuildPhase;
			buildActionMask = 2147483647;
			files = (
				7110736722F71F6800A88146 /* restaurants.csv in Resources */,
				71F1A2A922E8D66E00DBBD68 /* LaunchScreen.storyboard in Resources */,
				71F1A2A622E8D66E00DBBD68 /* Assets.xcassets in Resources */,
				7110736622F71F6800A88146 /* food.csv in Resources */,
				71F1A2A422E8D66E00DBBD68 /* Main.storyboard in Resources */,
			);
			runOnlyForDeploymentPostprocessing = 0;
		};
/* End PBXResourcesBuildPhase section */

/* Begin PBXShellScriptBuildPhase section */
		1520B64E3EEBACFB703891B3 /* [CP] Embed Pods Frameworks */ = {
			isa = PBXShellScriptBuildPhase;
			buildActionMask = 2147483647;
			files = (
			);
			inputFileListPaths = (
				"${PODS_ROOT}/Target Support Files/Pods-csvPrepare/Pods-csvPrepare-frameworks-${CONFIGURATION}-input-files.xcfilelist",
			);
			name = "[CP] Embed Pods Frameworks";
			outputFileListPaths = (
				"${PODS_ROOT}/Target Support Files/Pods-csvPrepare/Pods-csvPrepare-frameworks-${CONFIGURATION}-output-files.xcfilelist",
			);
			runOnlyForDeploymentPostprocessing = 0;
			shellPath = /bin/sh;
			shellScript = "\"${PODS_ROOT}/Target Support Files/Pods-csvPrepare/Pods-csvPrepare-frameworks.sh\"\n";
			showEnvVarsInLog = 0;
		};
		45DE8D6CF0FF8ACBADC723E6 /* [CP] Check Pods Manifest.lock */ = {
			isa = PBXShellScriptBuildPhase;
			buildActionMask = 2147483647;
			files = (
			);
			inputFileListPaths = (
			);
			inputPaths = (
				"${PODS_PODFILE_DIR_PATH}/Podfile.lock",
				"${PODS_ROOT}/Manifest.lock",
			);
			name = "[CP] Check Pods Manifest.lock";
			outputFileListPaths = (
			);
			outputPaths = (
				"$(DERIVED_FILE_DIR)/Pods-csvPrepare-checkManifestLockResult.txt",
			);
			runOnlyForDeploymentPostprocessing = 0;
			shellPath = /bin/sh;
			shellScript = "diff \"${PODS_PODFILE_DIR_PATH}/Podfile.lock\" \"${PODS_ROOT}/Manifest.lock\" > /dev/null\nif [ $? != 0 ] ; then\n    # print error to STDERR\n    echo \"error: The sandbox is not in sync with the Podfile.lock. Run 'pod install' or update your CocoaPods installation.\" >&2\n    exit 1\nfi\n# This output is used by Xcode 'outputs' to avoid re-running this script phase.\necho \"SUCCESS\" > \"${SCRIPT_OUTPUT_FILE_0}\"\n";
			showEnvVarsInLog = 0;
		};
/* End PBXShellScriptBuildPhase section */

/* Begin PBXSourcesBuildPhase section */
		71F1A29722E8D66E00DBBD68 /* Sources */ = {
			isa = PBXSourcesBuildPhase;
			buildActionMask = 2147483647;
			files = (
				71F1A2A122E8D66E00DBBD68 /* ViewController.swift in Sources */,
				7110735E22F6D29500A88146 /* Food.swift in Sources */,
				71F1A29F22E8D66E00DBBD68 /* AppDelegate.swift in Sources */,
				7110735C22F6D16800A88146 /* Restaurant.swift in Sources */,
			);
			runOnlyForDeploymentPostprocessing = 0;
		};
/* End PBXSourcesBuildPhase section */

/* Begin PBXVariantGroup section */
		71F1A2A222E8D66E00DBBD68 /* Main.storyboard */ = {
			isa = PBXVariantGroup;
			children = (
				71F1A2A322E8D66E00DBBD68 /* Base */,
			);
			name = Main.storyboard;
			sourceTree = "<group>";
		};
		71F1A2A722E8D66E00DBBD68 /* LaunchScreen.storyboard */ = {
			isa = PBXVariantGroup;
			children = (
				71F1A2A822E8D66E00DBBD68 /* Base */,
			);
			name = LaunchScreen.storyboard;
			sourceTree = "<group>";
		};
/* End PBXVariantGroup section */

/* Begin XCBuildConfiguration section */
		71F1A2AB22E8D66E00DBBD68 /* Debug */ = {
			isa = XCBuildConfiguration;
			buildSettings = {
				ALWAYS_SEARCH_USER_PATHS = NO;
				CLANG_ANALYZER_NONNULL = YES;
				CLANG_ANALYZER_NUMBER_OBJECT_CONVERSION = YES_AGGRESSIVE;
				CLANG_CXX_LANGUAGE_STANDARD = "gnu++14";
				CLANG_CXX_LIBRARY = "libc++";
				CLANG_ENABLE_MODULES = YES;
				CLANG_ENABLE_OBJC_ARC = YES;
				CLANG_ENABLE_OBJC_WEAK = YES;
				CLANG_WARN_BLOCK_CAPTURE_AUTORELEASING = YES;
				CLANG_WARN_BOOL_CONVERSION = YES;
				CLANG_WARN_COMMA = YES;
				CLANG_WARN_CONSTANT_CONVERSION = YES;
				CLANG_WARN_DEPRECATED_OBJC_IMPLEMENTATIONS = YES;
				CLANG_WARN_DIRECT_OBJC_ISA_USAGE = YES_ERROR;
				CLANG_WARN_DOCUMENTATION_COMMENTS = YES;
				CLANG_WARN_EMPTY_BODY = YES;
				CLANG_WARN_ENUM_CONVERSION = YES;
				CLANG_WARN_INFINITE_RECURSION = YES;
				CLANG_WARN_INT_CONVERSION = YES;
				CLANG_WARN_NON_LITERAL_NULL_CONVERSION = YES;
				CLANG_WARN_OBJC_IMPLICIT_RETAIN_SELF = YES;
				CLANG_WARN_OBJC_LITERAL_CONVERSION = YES;
				CLANG_WARN_OBJC_ROOT_CLASS = YES_ERROR;
				CLANG_WARN_RANGE_LOOP_ANALYSIS = YES;
				CLANG_WARN_STRICT_PROTOTYPES = YES;
				CLANG_WARN_SUSPICIOUS_MOVE = YES;
				CLANG_WARN_UNGUARDED_AVAILABILITY = YES_AGGRESSIVE;
				CLANG_WARN_UNREACHABLE_CODE = YES;
				CLANG_WARN__DUPLICATE_METHOD_MATCH = YES;
				CODE_SIGN_IDENTITY = "iPhone Developer";
				COPY_PHASE_STRIP = NO;
				DEBUG_INFORMATION_FORMAT = dwarf;
				ENABLE_STRICT_OBJC_MSGSEND = YES;
				ENABLE_TESTABILITY = YES;
				GCC_C_LANGUAGE_STANDARD = gnu11;
				GCC_DYNAMIC_NO_PIC = NO;
				GCC_NO_COMMON_BLOCKS = YES;
				GCC_OPTIMIZATION_LEVEL = 0;
				GCC_PREPROCESSOR_DEFINITIONS = (
					"DEBUG=1",
					"$(inherited)",
				);
				GCC_WARN_64_TO_32_BIT_CONVERSION = YES;
				GCC_WARN_ABOUT_RETURN_TYPE = YES_ERROR;
				GCC_WARN_UNDECLARED_SELECTOR = YES;
				GCC_WARN_UNINITIALIZED_AUTOS = YES_AGGRESSIVE;
				GCC_WARN_UNUSED_FUNCTION = YES;
				GCC_WARN_UNUSED_VARIABLE = YES;
				IPHONEOS_DEPLOYMENT_TARGET = 12.2;
				MTL_ENABLE_DEBUG_INFO = INCLUDE_SOURCE;
				MTL_FAST_MATH = YES;
				ONLY_ACTIVE_ARCH = YES;
				SDKROOT = iphoneos;
				SWIFT_ACTIVE_COMPILATION_CONDITIONS = DEBUG;
				SWIFT_OPTIMIZATION_LEVEL = "-Onone";
			};
			name = Debug;
		};
		71F1A2AC22E8D66E00DBBD68 /* Release */ = {
			isa = XCBuildConfiguration;
			buildSettings = {
				ALWAYS_SEARCH_USER_PATHS = NO;
				CLANG_ANALYZER_NONNULL = YES;
				CLANG_ANALYZER_NUMBER_OBJECT_CONVERSION = YES_AGGRESSIVE;
				CLANG_CXX_LANGUAGE_STANDARD = "gnu++14";
				CLANG_CXX_LIBRARY = "libc++";
				CLANG_ENABLE_MODULES = YES;
				CLANG_ENABLE_OBJC_ARC = YES;
				CLANG_ENABLE_OBJC_WEAK = YES;
				CLANG_WARN_BLOCK_CAPTURE_AUTORELEASING = YES;
				CLANG_WARN_BOOL_CONVERSION = YES;
				CLANG_WARN_COMMA = YES;
				CLANG_WARN_CONSTANT_CONVERSION = YES;
				CLANG_WARN_DEPRECATED_OBJC_IMPLEMENTATIONS = YES;
				CLANG_WARN_DIRECT_OBJC_ISA_USAGE = YES_ERROR;
				CLANG_WARN_DOCUMENTATION_COMMENTS = YES;
				CLANG_WARN_EMPTY_BODY = YES;
				CLANG_WARN_ENUM_CONVERSION = YES;
				CLANG_WARN_INFINITE_RECURSION = YES;
				CLANG_WARN_INT_CONVERSION = YES;
				CLANG_WARN_NON_LITERAL_NULL_CONVERSION = YES;
				CLANG_WARN_OBJC_IMPLICIT_RETAIN_SELF = YES;
				CLANG_WARN_OBJC_LITERAL_CONVERSION = YES;
				CLANG_WARN_OBJC_ROOT_CLASS = YES_ERROR;
				CLANG_WARN_RANGE_LOOP_ANALYSIS = YES;
				CLANG_WARN_STRICT_PROTOTYPES = YES;
				CLANG_WARN_SUSPICIOUS_MOVE = YES;
				CLANG_WARN_UNGUARDED_AVAILABILITY = YES_AGGRESSIVE;
				CLANG_WARN_UNREACHABLE_CODE = YES;
				CLANG_WARN__DUPLICATE_METHOD_MATCH = YES;
				CODE_SIGN_IDENTITY = "iPhone Developer";
				COPY_PHASE_STRIP = NO;
				DEBUG_INFORMATION_FORMAT = "dwarf-with-dsym";
				ENABLE_NS_ASSERTIONS = NO;
				ENABLE_STRICT_OBJC_MSGSEND = YES;
				GCC_C_LANGUAGE_STANDARD = gnu11;
				GCC_NO_COMMON_BLOCKS = YES;
				GCC_WARN_64_TO_32_BIT_CONVERSION = YES;
				GCC_WARN_ABOUT_RETURN_TYPE = YES_ERROR;
				GCC_WARN_UNDECLARED_SELECTOR = YES;
				GCC_WARN_UNINITIALIZED_AUTOS = YES_AGGRESSIVE;
				GCC_WARN_UNUSED_FUNCTION = YES;
				GCC_WARN_UNUSED_VARIABLE = YES;
				IPHONEOS_DEPLOYMENT_TARGET = 12.2;
				MTL_ENABLE_DEBUG_INFO = NO;
				MTL_FAST_MATH = YES;
				SDKROOT = iphoneos;
				SWIFT_COMPILATION_MODE = wholemodule;
				SWIFT_OPTIMIZATION_LEVEL = "-O";
				VALIDATE_PRODUCT = YES;
			};
			name = Release;
		};
		71F1A2AE22E8D66E00DBBD68 /* Debug */ = {
			isa = XCBuildConfiguration;
			baseConfigurationReference = C20C9E37AD2292C60A27082B /* Pods-csvPrepare.debug.xcconfig */;
			buildSettings = {
				ASSETCATALOG_COMPILER_APPICON_NAME = AppIcon;
				CODE_SIGN_STYLE = Manual;
				DEVELOPMENT_TEAM = "";
				INFOPLIST_FILE = csvPrepare/Info.plist;
				LD_RUNPATH_SEARCH_PATHS = (
					"$(inherited)",
					"@executable_path/Frameworks",
				);
				PRODUCT_BUNDLE_IDENTIFIER = es.fluffy.csvPrepare;
				PRODUCT_NAME = "$(TARGET_NAME)";
				PROVISIONING_PROFILE_SPECIFIER = "";
				SWIFT_VERSION = 5.0;
				TARGETED_DEVICE_FAMILY = "1,2";
			};
			name = Debug;
		};
		71F1A2AF22E8D66E00DBBD68 /* Release */ = {
			isa = XCBuildConfiguration;
			baseConfigurationReference = 1A2C80912FC72C65E8F24EC9 /* Pods-csvPrepare.release.xcconfig */;
			buildSettings = {
				ASSETCATALOG_COMPILER_APPICON_NAME = AppIcon;
				CODE_SIGN_STYLE = Manual;
				DEVELOPMENT_TEAM = "";
				INFOPLIST_FILE = csvPrepare/Info.plist;
				LD_RUNPATH_SEARCH_PATHS = (
					"$(inherited)",
					"@executable_path/Frameworks",
				);
				PRODUCT_BUNDLE_IDENTIFIER = es.fluffy.csvPrepare;
				PRODUCT_NAME = "$(TARGET_NAME)";
				PROVISIONING_PROFILE_SPECIFIER = "";
				SWIFT_VERSION = 5.0;
				TARGETED_DEVICE_FAMILY = "1,2";
			};
			name = Release;
		};
/* End XCBuildConfiguration section */

/* Begin XCConfigurationList section */
		71F1A29622E8D66E00DBBD68 /* Build configuration list for PBXProject "csvPrepare" */ = {
			isa = XCConfigurationList;
			buildConfigurations = (
				71F1A2AB22E8D66E00DBBD68 /* Debug */,
				71F1A2AC22E8D66E00DBBD68 /* Release */,
			);
			defaultConfigurationIsVisible = 0;
			defaultConfigurationName = Release;
		};
		71F1A2AD22E8D66E00DBBD68 /* Build configuration list for PBXNativeTarget "csvPrepare" */ = {
			isa = XCConfigurationList;
			buildConfigurations = (
				71F1A2AE22E8D66E00DBBD68 /* Debug */,
				71F1A2AF22E8D66E00DBBD68 /* Release */,
			);
			defaultConfigurationIsVisible = 0;
			defaultConfigurationName = Release;
		};
/* End XCConfigurationList section */
	};
	rootObject = 71F1A29322E8D66E00DBBD68 /* Project object */;
}
